
Microsoft Visual Studio Solution File, Format Version 12.00
# Visual Studio Version 17
VisualStudioVersion = 17.0.31903.59
MinimumVisualStudioVersion = 10.0.40219.1
Project("{2150E333-8FDC-42A3-9474-1A3956D46DE8}") = "src", "src", "{827E0CD3-B72D-47B6-A68D-7590B98EB39B}"
EndProject
Project("{FAE04EC0-301F-11D3-BF4B-00C04F79EFBC}") = "Cognition.Api", "src\Cognition.Api\Cognition.Api.csproj", "{4BA5B138-B2CE-408E-8EA0-D3A995998D67}"
EndProject
Project("{FAE04EC0-301F-11D3-BF4B-00C04F79EFBC}") = "Cognition.Data.Relational", "src\Cognition.Data.Relational\Cognition.Data.Relational.csproj", "{E6A8C53C-6960-426B-B0F4-D83457B037B0}"
EndProject
Project("{FAE04EC0-301F-11D3-BF4B-00C04F79EFBC}") = "Cognition.Clients", "src\Cognition.Clients\Cognition.Clients.csproj", "{C7E37F35-13C4-4A68-9ACA-391B50B6D80A}"
EndProject
Project("{FAE04EC0-301F-11D3-BF4B-00C04F79EFBC}") = "Cognition.Jobs", "src\Cognition.Jobs\Cognition.Jobs.csproj", "{BB072124-6A3D-4854-AF89-C0E072A1961E}"
EndProject
Project("{FAE04EC0-301F-11D3-BF4B-00C04F79EFBC}") = "Cognition.Contracts", "src\Cognition.Contracts\Cognition.Contracts.csproj", "{31861437-A169-E3D3-D240-AC1A3856C889}"
EndProject
Global
	GlobalSection(SolutionConfigurationPlatforms) = preSolution
		Debug|Any CPU = Debug|Any CPU
		Debug|x64 = Debug|x64
		Debug|x86 = Debug|x86
		Release|Any CPU = Release|Any CPU
		Release|x64 = Release|x64
		Release|x86 = Release|x86
	EndGlobalSection
	GlobalSection(ProjectConfigurationPlatforms) = postSolution
		{4BA5B138-B2CE-408E-8EA0-D3A995998D67}.Debug|Any CPU.ActiveCfg = Debug|Any CPU
		{4BA5B138-B2CE-408E-8EA0-D3A995998D67}.Debug|Any CPU.Build.0 = Debug|Any CPU
		{4BA5B138-B2CE-408E-8EA0-D3A995998D67}.Debug|x64.ActiveCfg = Debug|Any CPU
		{4BA5B138-B2CE-408E-8EA0-D3A995998D67}.Debug|x64.Build.0 = Debug|Any CPU
		{4BA5B138-B2CE-408E-8EA0-D3A995998D67}.Debug|x86.ActiveCfg = Debug|Any CPU
		{4BA5B138-B2CE-408E-8EA0-D3A995998D67}.Debug|x86.Build.0 = Debug|Any CPU
		{4BA5B138-B2CE-408E-8EA0-D3A995998D67}.Release|Any CPU.ActiveCfg = Release|Any CPU
		{4BA5B138-B2CE-408E-8EA0-D3A995998D67}.Release|Any CPU.Build.0 = Release|Any CPU
		{4BA5B138-B2CE-408E-8EA0-D3A995998D67}.Release|x64.ActiveCfg = Release|Any CPU
		{4BA5B138-B2CE-408E-8EA0-D3A995998D67}.Release|x64.Build.0 = Release|Any CPU
		{4BA5B138-B2CE-408E-8EA0-D3A995998D67}.Release|x86.ActiveCfg = Release|Any CPU
		{4BA5B138-B2CE-408E-8EA0-D3A995998D67}.Release|x86.Build.0 = Release|Any CPU
		{E6A8C53C-6960-426B-B0F4-D83457B037B0}.Debug|Any CPU.ActiveCfg = Debug|Any CPU
		{E6A8C53C-6960-426B-B0F4-D83457B037B0}.Debug|Any CPU.Build.0 = Debug|Any CPU
		{E6A8C53C-6960-426B-B0F4-D83457B037B0}.Debug|x64.ActiveCfg = Debug|Any CPU
		{E6A8C53C-6960-426B-B0F4-D83457B037B0}.Debug|x64.Build.0 = Debug|Any CPU
		{E6A8C53C-6960-426B-B0F4-D83457B037B0}.Debug|x86.ActiveCfg = Debug|Any CPU
		{E6A8C53C-6960-426B-B0F4-D83457B037B0}.Debug|x86.Build.0 = Debug|Any CPU
		{E6A8C53C-6960-426B-B0F4-D83457B037B0}.Release|Any CPU.ActiveCfg = Release|Any CPU
		{E6A8C53C-6960-426B-B0F4-D83457B037B0}.Release|Any CPU.Build.0 = Release|Any CPU
		{E6A8C53C-6960-426B-B0F4-D83457B037B0}.Release|x64.ActiveCfg = Release|Any CPU
		{E6A8C53C-6960-426B-B0F4-D83457B037B0}.Release|x64.Build.0 = Release|Any CPU
		{E6A8C53C-6960-426B-B0F4-D83457B037B0}.Release|x86.ActiveCfg = Release|Any CPU
		{E6A8C53C-6960-426B-B0F4-D83457B037B0}.Release|x86.Build.0 = Release|Any CPU
		{C7E37F35-13C4-4A68-9ACA-391B50B6D80A}.Debug|Any CPU.ActiveCfg = Debug|Any CPU
		{C7E37F35-13C4-4A68-9ACA-391B50B6D80A}.Debug|Any CPU.Build.0 = Debug|Any CPU
		{C7E37F35-13C4-4A68-9ACA-391B50B6D80A}.Debug|x64.ActiveCfg = Debug|Any CPU
		{C7E37F35-13C4-4A68-9ACA-391B50B6D80A}.Debug|x64.Build.0 = Debug|Any CPU
		{C7E37F35-13C4-4A68-9ACA-391B50B6D80A}.Debug|x86.ActiveCfg = Debug|Any CPU
		{C7E37F35-13C4-4A68-9ACA-391B50B6D80A}.Debug|x86.Build.0 = Debug|Any CPU
		{C7E37F35-13C4-4A68-9ACA-391B50B6D80A}.Release|Any CPU.ActiveCfg = Release|Any CPU
		{C7E37F35-13C4-4A68-9ACA-391B50B6D80A}.Release|Any CPU.Build.0 = Release|Any CPU
		{C7E37F35-13C4-4A68-9ACA-391B50B6D80A}.Release|x64.ActiveCfg = Release|Any CPU
		{C7E37F35-13C4-4A68-9ACA-391B50B6D80A}.Release|x64.Build.0 = Release|Any CPU
		{C7E37F35-13C4-4A68-9ACA-391B50B6D80A}.Release|x86.ActiveCfg = Release|Any CPU
		{C7E37F35-13C4-4A68-9ACA-391B50B6D80A}.Release|x86.Build.0 = Release|Any CPU
		{BB072124-6A3D-4854-AF89-C0E072A1961E}.Debug|Any CPU.ActiveCfg = Debug|Any CPU
		{BB072124-6A3D-4854-AF89-C0E072A1961E}.Debug|Any CPU.Build.0 = Debug|Any CPU
		{BB072124-6A3D-4854-AF89-C0E072A1961E}.Debug|x64.ActiveCfg = Debug|Any CPU
		{BB072124-6A3D-4854-AF89-C0E072A1961E}.Debug|x64.Build.0 = Debug|Any CPU
		{BB072124-6A3D-4854-AF89-C0E072A1961E}.Debug|x86.ActiveCfg = Debug|Any CPU
		{BB072124-6A3D-4854-AF89-C0E072A1961E}.Debug|x86.Build.0 = Debug|Any CPU
		{BB072124-6A3D-4854-AF89-C0E072A1961E}.Release|Any CPU.ActiveCfg = Release|Any CPU
		{BB072124-6A3D-4854-AF89-C0E072A1961E}.Release|Any CPU.Build.0 = Release|Any CPU
		{BB072124-6A3D-4854-AF89-C0E072A1961E}.Release|x64.ActiveCfg = Release|Any CPU
		{BB072124-6A3D-4854-AF89-C0E072A1961E}.Release|x64.Build.0 = Release|Any CPU
		{BB072124-6A3D-4854-AF89-C0E072A1961E}.Release|x86.ActiveCfg = Release|Any CPU
		{BB072124-6A3D-4854-AF89-C0E072A1961E}.Release|x86.Build.0 = Release|Any CPU
		{31861437-A169-E3D3-D240-AC1A3856C889}.Debug|Any CPU.ActiveCfg = Debug|Any CPU
		{31861437-A169-E3D3-D240-AC1A3856C889}.Debug|Any CPU.Build.0 = Debug|Any CPU
		{31861437-A169-E3D3-D240-AC1A3856C889}.Debug|x64.ActiveCfg = Debug|Any CPU
		{31861437-A169-E3D3-D240-AC1A3856C889}.Debug|x64.Build.0 = Debug|Any CPU
		{31861437-A169-E3D3-D240-AC1A3856C889}.Debug|x86.ActiveCfg = Debug|Any CPU
		{31861437-A169-E3D3-D240-AC1A3856C889}.Debug|x86.Build.0 = Debug|Any CPU
		{31861437-A169-E3D3-D240-AC1A3856C889}.Release|Any CPU.ActiveCfg = Release|Any CPU
		{31861437-A169-E3D3-D240-AC1A3856C889}.Release|Any CPU.Build.0 = Release|Any CPU
		{31861437-A169-E3D3-D240-AC1A3856C889}.Release|x64.ActiveCfg = Release|Any CPU
		{31861437-A169-E3D3-D240-AC1A3856C889}.Release|x64.Build.0 = Release|Any CPU
		{31861437-A169-E3D3-D240-AC1A3856C889}.Release|x86.ActiveCfg = Release|Any CPU
		{31861437-A169-E3D3-D240-AC1A3856C889}.Release|x86.Build.0 = Release|Any CPU
	EndGlobalSection
	GlobalSection(SolutionProperties) = preSolution
		HideSolutionNode = FALSE
	EndGlobalSection
	GlobalSection(NestedProjects) = preSolution
		{4BA5B138-B2CE-408E-8EA0-D3A995998D67} = {827E0CD3-B72D-47B6-A68D-7590B98EB39B}
		{E6A8C53C-6960-426B-B0F4-D83457B037B0} = {827E0CD3-B72D-47B6-A68D-7590B98EB39B}
		{C7E37F35-13C4-4A68-9ACA-391B50B6D80A} = {827E0CD3-B72D-47B6-A68D-7590B98EB39B}
		{BB072124-6A3D-4854-AF89-C0E072A1961E} = {827E0CD3-B72D-47B6-A68D-7590B98EB39B}
		{31861437-A169-E3D3-D240-AC1A3856C889} = {827E0CD3-B72D-47B6-A68D-7590B98EB39B}
	EndGlobalSection
EndGlobal
